{
    "_readme": [
        "This file locks the dependencies of your project to a known state",
        "Read more about it at https://getcomposer.org/doc/01-basic-usage.md#composer-lock-the-lock-file",
        "This file is @generated automatically"
    ],
    "hash": "2466a4b52206283d4ca321fa9b0193dc",
    "content-hash": "da22a3084971756df5e33212ad7f6a87",
    "packages": [
        {
            "name": "padraic/humbug_get_contents",
            "version": "1.0.4",
            "source": {
                "type": "git",
                "url": "https://github.com/padraic/file_get_contents.git",
                "reference": "66797199019d0cb4529cb8d29c6f0b4c5085b53a"
            },
            "dist": {
                "type": "zip",
                "url": "https://api.github.com/repos/padraic/file_get_contents/zipball/66797199019d0cb4529cb8d29c6f0b4c5085b53a",
                "reference": "66797199019d0cb4529cb8d29c6f0b4c5085b53a",
                "shasum": ""
            },
            "require": {
                "php": ">=5.3"
            },
            "require-dev": {
                "phpunit/phpunit": "~4.0"
            },
            "type": "library",
            "extra": {
                "branch-alias": {
                    "dev-master": "1.0-dev"
                }
            },
            "autoload": {
                "psr-4": {
                    "Humbug\\": "src/Humbug/"
                },
                "files": [
                    "src/function.php"
                ]
            },
            "notification-url": "https://packagist.org/downloads/",
            "license": [
                "BSD-3-Clause"
            ],
            "authors": [
                {
                    "name": "Pádraic Brady",
                    "email": "padraic.brady@gmail.com",
                    "homepage": "http://blog.astrumfutura.com"
                }
            ],
            "description": "Secure wrapper for accessing HTTPS resources with file_get_contents for PHP 5.3+",
            "homepage": "https://github.com/padraic/file_get_contents",
            "keywords": [
                "download",
                "file_get_contents",
                "http",
                "https",
                "ssl",
                "tls"
            ],
            "time": "2015-04-22 18:45:00"
        },
        {
            "name": "padraic/phar-updater",
            "version": "1.0.3",
            "source": {
                "type": "git",
                "url": "https://github.com/padraic/phar-updater.git",
                "reference": "c17eeb3887dc4269d1b4837dc875d39e9f8149a8"
            },
            "dist": {
                "type": "zip",
                "url": "https://api.github.com/repos/padraic/phar-updater/zipball/c17eeb3887dc4269d1b4837dc875d39e9f8149a8",
                "reference": "c17eeb3887dc4269d1b4837dc875d39e9f8149a8",
                "shasum": ""
            },
            "require": {
                "padraic/humbug_get_contents": "^1.0",
                "php": ">=5.3.3"
            },
            "require-dev": {
                "phpunit/phpunit": "~4.0"
            },
            "type": "library",
            "extra": {
                "branch-alias": {
                    "dev-master": "1.0-dev"
                }
            },
            "autoload": {
                "psr-4": {
                    "Humbug\\SelfUpdate\\": "src/"
                }
            },
            "notification-url": "https://packagist.org/downloads/",
            "license": [
                "BSD-3-Clause"
            ],
            "authors": [
                {
                    "name": "Pádraic Brady",
                    "email": "padraic.brady@gmail.com",
                    "homepage": "http://blog.astrumfutura.com"
                }
            ],
            "description": "A thing to make PHAR self-updating easy and secure.",
            "keywords": [
                "humbug",
                "phar",
                "self-update",
                "update"
            ],
            "time": "2016-01-05 23:08:01"
        },
        {
            "name": "psr/log",
            "version": "1.0.0",
            "source": {
                "type": "git",
                "url": "https://github.com/php-fig/log.git",
                "reference": "fe0936ee26643249e916849d48e3a51d5f5e278b"
            },
            "dist": {
                "type": "zip",
                "url": "https://api.github.com/repos/php-fig/log/zipball/fe0936ee26643249e916849d48e3a51d5f5e278b",
                "reference": "fe0936ee26643249e916849d48e3a51d5f5e278b",
                "shasum": ""
            },
            "type": "library",
            "autoload": {
                "psr-0": {
                    "Psr\\Log\\": ""
                }
            },
            "notification-url": "https://packagist.org/downloads/",
            "license": [
                "MIT"
            ],
            "authors": [
                {
                    "name": "PHP-FIG",
                    "homepage": "http://www.php-fig.org/"
                }
            ],
            "description": "Common interface for logging libraries",
            "keywords": [
                "log",
                "psr",
                "psr-3"
            ],
            "time": "2012-12-21 11:40:51"
        },
        {
            "name": "symfony/console",
            "version": "v3.1.2",
            "source": {
                "type": "git",
                "url": "https://github.com/symfony/console.git",
                "reference": "747154aa69b0f83cd02fc9aa554836dee417631a"
            },
            "dist": {
                "type": "zip",
                "url": "https://api.github.com/repos/symfony/console/zipball/747154aa69b0f83cd02fc9aa554836dee417631a",
                "reference": "747154aa69b0f83cd02fc9aa554836dee417631a",
                "shasum": ""
            },
            "require": {
                "php": ">=5.5.9",
                "symfony/polyfill-mbstring": "~1.0"
            },
            "require-dev": {
                "psr/log": "~1.0",
                "symfony/event-dispatcher": "~2.8|~3.0",
                "symfony/process": "~2.8|~3.0"
            },
            "suggest": {
                "psr/log": "For using the console logger",
                "symfony/event-dispatcher": "",
                "symfony/process": ""
            },
            "type": "library",
            "extra": {
                "branch-alias": {
                    "dev-master": "3.1-dev"
                }
            },
            "autoload": {
                "psr-4": {
                    "Symfony\\Component\\Console\\": ""
                },
                "exclude-from-classmap": [
                    "/Tests/"
                ]
            },
            "notification-url": "https://packagist.org/downloads/",
            "license": [
                "MIT"
            ],
            "authors": [
                {
                    "name": "Fabien Potencier",
                    "email": "fabien@symfony.com"
                },
                {
                    "name": "Symfony Community",
                    "homepage": "https://symfony.com/contributors"
                }
            ],
            "description": "Symfony Console Component",
            "homepage": "https://symfony.com",
            "time": "2016-06-29 07:02:31"
        },
        {
            "name": "symfony/polyfill-mbstring",
            "version": "v1.2.0",
            "source": {
                "type": "git",
                "url": "https://github.com/symfony/polyfill-mbstring.git",
                "reference": "dff51f72b0706335131b00a7f49606168c582594"
            },
            "dist": {
                "type": "zip",
                "url": "https://api.github.com/repos/symfony/polyfill-mbstring/zipball/dff51f72b0706335131b00a7f49606168c582594",
                "reference": "dff51f72b0706335131b00a7f49606168c582594",
                "shasum": ""
            },
            "require": {
                "php": ">=5.3.3"
            },
            "suggest": {
                "ext-mbstring": "For best performance"
            },
            "type": "library",
            "extra": {
                "branch-alias": {
                    "dev-master": "1.2-dev"
                }
            },
            "autoload": {
                "psr-4": {
                    "Symfony\\Polyfill\\Mbstring\\": ""
                },
                "files": [
                    "bootstrap.php"
                ]
            },
            "notification-url": "https://packagist.org/downloads/",
            "license": [
                "MIT"
            ],
            "authors": [
                {
                    "name": "Nicolas Grekas",
                    "email": "p@tchwork.com"
                },
                {
                    "name": "Symfony Community",
                    "homepage": "https://symfony.com/contributors"
                }
            ],
            "description": "Symfony polyfill for the Mbstring extension",
            "homepage": "https://symfony.com",
            "keywords": [
                "compatibility",
                "mbstring",
                "polyfill",
                "portable",
                "shim"
            ],
            "time": "2016-05-18 14:26:46"
        }
    ],
    "packages-dev": [
        {
            "name": "tm/tooly-composer-script",
            "version": "0.1.1",
            "source": {
                "type": "git",
                "url": "https://github.com/tommy-muehle/tooly-composer-script.git",
                "reference": "aa0291e727cc810c222150d8efb584ed7543f32a"
            },
            "dist": {
                "type": "zip",
                "url": "https://api.github.com/repos/tommy-muehle/tooly-composer-script/zipball/aa0291e727cc810c222150d8efb584ed7543f32a",
                "reference": "aa0291e727cc810c222150d8efb584ed7543f32a",
                "shasum": ""
            },
            "require": {
                "php": ">=5.5.0"
            },
            "require-dev": {
                "composer/composer": "1.*",
                "mikey179/vfsstream": "1.6.*"
            },
            "type": "library",
            "extra": {
                "tools": {
                    "phpunit": {
                        "url": "https://phar.phpunit.de/phpunit-4.8.9.phar",
                        "only-dev": true
                    },
                    "phpcpd": {
                        "url": "https://phar.phpunit.de/phpcpd-2.0.4.phar",
                        "only-dev": true
                    }
                }
            },
            "autoload": {
                "psr-4": {
                    "Tooly\\": "src/"
                }
            },
            "notification-url": "https://packagist.org/downloads/",
            "license": [
                "MIT"
            ],
            "authors": [
                {
                    "name": "Tommy Muehle",
                    "email": "tommy.muehle@gmail.com",
                    "homepage": "https://tommy-muehle.de"
                }
            ],
            "description": "Simple composer script to manage phar files.",
            "homepage": "https://github.com/tommy-muehle/tooly-composer-script",
            "keywords": [
                "composer",
                "composer-phar",
                "composer-script",
                "phar-management"
            ],
            "time": "2016-07-04 06:02:01"
        }
    ],
    "aliases": [],
    "minimum-stability": "dev",
    "stability-flags": [],
    "prefer-stable": true,
    "prefer-lowest": false,
    "platform": {
        "php": ">=7.0"
    },
    "platform-dev": []
}
